PODS:
  - audio_session (0.0.1):
    - Flutter
  - audio_waveforms (0.0.1):
    - Flutter
  - Flutter (1.0.0)
  - flutter_sound (9.4.6):
    - Flutter
    - flutter_sound_core (= 9.4.6)
  - flutter_sound_core (9.4.6)
  - path_provider_foundation (0.0.1):
    - Flutter
    - FlutterMacOS
  - permission_handler_apple (9.3.0):
    - Flutter
  - realm (2.0.0):
    - Flutter

DEPENDENCIES:
  - audio_session (from `.symlinks/plugins/audio_session/ios`)
  - audio_waveforms (from `.symlinks/plugins/audio_waveforms/ios`)
  - Flutter (from `Flutter`)
  - flutter_sound (from `.symlinks/plugins/flutter_sound/ios`)
  - path_provider_foundation (from `.symlinks/plugins/path_provider_foundation/darwin`)
  - permission_handler_apple (from `.symlinks/plugins/permission_handler_apple/ios`)
  - realm (from `.symlinks/plugins/realm/ios`)

SPEC REPOS:
  trunk:
    - flutter_sound_core

EXTERNAL SOURCES:
  audio_session:
    :path: ".symlinks/plugins/audio_session/ios"
  audio_waveforms:
    :path: ".symlinks/plugins/audio_waveforms/ios"
  Flutter:
    :path: Flutter
  flutter_sound:
    :path: ".symlinks/plugins/flutter_sound/ios"
  path_provider_foundation:
    :path: ".symlinks/plugins/path_provider_foundation/darwin"
  permission_handler_apple:
    :path: ".symlinks/plugins/permission_handler_apple/ios"
  realm:
    :path: ".symlinks/plugins/realm/ios"

SPEC CHECKSUMS:
  audio_session: 4f3e461722055d21515cf3261b64c973c062f345
  audio_waveforms: cd736909ebc6b6a164eb74701d8c705ce3241e1c
  Flutter: e0871f40cf51350855a761d2e70bf5af5b9b5de7
  flutter_sound: d1ed7b8bac3c4513ac5ef8b90c15f3a6b860291b
  flutter_sound_core: 46f6f56752a209dcc72be9f09b71c8b626f70d49
  path_provider_foundation: 3784922295ac71e43754bd15e0653ccfd36a147c
  permission_handler_apple: 9878588469a2b0d0fc1e048d9f43605f92e6cec2
  realm: 511488841894712cffddd1a2ccfc1a1c069047d5

PODFILE CHECKSUM: 669557e529d7974b8b54fe6658d256cb86b82a88

COCOAPODS: 1.14.3
